
Microsoft Visual Studio Solution File, Format Version 12.00
# Visual Studio Version 17
VisualStudioVersion = 17.9.34728.123
MinimumVisualStudioVersion = 10.0.40219.1
Project("{FAE04EC0-301F-11D3-BF4B-00C04F79EFBC}") = "Translator", "Translator\Translator.csproj", "{A477783B-7727-49B5-85EE-67DAC40A8415}"
EndProject
Global
	GlobalSection(SolutionConfigurationPlatforms) = preSolution
		Debug|Any CPU = Debug|Any CPU
		Release|Any CPU = Release|Any CPU
	EndGlobalSection
	GlobalSection(ProjectConfigurationPlatforms) = postSolution
		{A477783B-7727-49B5-85EE-67DAC40A8415}.Debug|Any CPU.ActiveCfg = Debug|Any CPU
		{A477783B-7727-49B5-85EE-67DAC40A8415}.Debug|Any CPU.Build.0 = Debug|Any CPU
		{A477783B-7727-49B5-85EE-67DAC40A8415}.Release|Any CPU.ActiveCfg = Release|Any CPU
		{A477783B-7727-49B5-85EE-67DAC40A8415}.Release|Any CPU.Build.0 = Release|Any CPU
	EndGlobalSection
	GlobalSection(SolutionProperties) = preSolution
		HideSolutionNode = FALSE
	EndGlobalSection
	GlobalSection(ExtensibilityGlobals) = postSolution
		SolutionGuid = {D0B109E6-8CCA-4A22-A800-7E02BCD3A042}
	EndGlobalSection
EndGlobal
